
Microsoft Visual Studio Solution File, Format Version 12.00
# Visual Studio Version 17
VisualStudioVersion = 17.5.33516.290
MinimumVisualStudioVersion = 10.0.40219.1
Project("{9A19103F-16F7-4668-BE54-9A1E7A4F7556}") = "Server", "Server\Server.csproj", "{92BD66DE-7C24-4620-8883-A851158FB27F}"
EndProject
Project("{9A19103F-16F7-4668-BE54-9A1E7A4F7556}") = "Client", "Client\Client.csproj", "{5498943F-D9DF-40AB-88AD-930CA5EEDC71}"
EndProject
Project("{9A19103F-16F7-4668-BE54-9A1E7A4F7556}") = "Models", "Models\Models.csproj", "{84B5CF15-F89A-4AF5-8DD5-72E04D23098E}"
EndProject
Project("{FAE04EC0-301F-11D3-BF4B-00C04F79EFBC}") = "ConsoleClient", "ConsoleClient\ConsoleClient.csproj", "{E56D505D-5020-4194-B766-4710D0DC6FC1}"
EndProject
Global
	GlobalSection(SolutionConfigurationPlatforms) = preSolution
		Debug|Any CPU = Debug|Any CPU
		Release|Any CPU = Release|Any CPU
	EndGlobalSection
	GlobalSection(ProjectConfigurationPlatforms) = postSolution
		{92BD66DE-7C24-4620-8883-A851158FB27F}.Debug|Any CPU.ActiveCfg = Debug|Any CPU
		{92BD66DE-7C24-4620-8883-A851158FB27F}.Debug|Any CPU.Build.0 = Debug|Any CPU
		{92BD66DE-7C24-4620-8883-A851158FB27F}.Release|Any CPU.ActiveCfg = Release|Any CPU
		{92BD66DE-7C24-4620-8883-A851158FB27F}.Release|Any CPU.Build.0 = Release|Any CPU
		{5498943F-D9DF-40AB-88AD-930CA5EEDC71}.Debug|Any CPU.ActiveCfg = Debug|Any CPU
		{5498943F-D9DF-40AB-88AD-930CA5EEDC71}.Debug|Any CPU.Build.0 = Debug|Any CPU
		{5498943F-D9DF-40AB-88AD-930CA5EEDC71}.Release|Any CPU.ActiveCfg = Release|Any CPU
		{5498943F-D9DF-40AB-88AD-930CA5EEDC71}.Release|Any CPU.Build.0 = Release|Any CPU
		{84B5CF15-F89A-4AF5-8DD5-72E04D23098E}.Debug|Any CPU.ActiveCfg = Debug|Any CPU
		{84B5CF15-F89A-4AF5-8DD5-72E04D23098E}.Debug|Any CPU.Build.0 = Debug|Any CPU
		{84B5CF15-F89A-4AF5-8DD5-72E04D23098E}.Release|Any CPU.ActiveCfg = Release|Any CPU
		{84B5CF15-F89A-4AF5-8DD5-72E04D23098E}.Release|Any CPU.Build.0 = Release|Any CPU
		{E56D505D-5020-4194-B766-4710D0DC6FC1}.Debug|Any CPU.ActiveCfg = Debug|Any CPU
		{E56D505D-5020-4194-B766-4710D0DC6FC1}.Debug|Any CPU.Build.0 = Debug|Any CPU
		{E56D505D-5020-4194-B766-4710D0DC6FC1}.Release|Any CPU.ActiveCfg = Release|Any CPU
		{E56D505D-5020-4194-B766-4710D0DC6FC1}.Release|Any CPU.Build.0 = Release|Any CPU
	EndGlobalSection
	GlobalSection(SolutionProperties) = preSolution
		HideSolutionNode = FALSE
	EndGlobalSection
	GlobalSection(ExtensibilityGlobals) = postSolution
		SolutionGuid = {AAF76A3D-A246-42A4-9556-33B2F108BAB2}
	EndGlobalSection
EndGlobal
